
Microsoft Visual Studio Solution File, Format Version 12.00
# Visual Studio Version 16
VisualStudioVersion = 16.0.31624.102
MinimumVisualStudioVersion = 10.0.40219.1
Project("{FAE04EC0-301F-11D3-BF4B-00C04F79EFBC}") = "00_TypesAndVariables", "00_TypesAndVariables\00_TypesAndVariables.csproj", "{1A23618D-F1D8-4420-A736-7E747ADE2723}"
EndProject
Project("{FAE04EC0-301F-11D3-BF4B-00C04F79EFBC}") = "01_Operators", "01_Operators\01_Operators.csproj", "{34CACCC3-606A-4134-939A-1A73A5AF486A}"
EndProject
Project("{FAE04EC0-301F-11D3-BF4B-00C04F79EFBC}") = "02_Conditionals", "02_Conditionals\02_Conditionals.csproj", "{9EE01566-5218-4A55-A6B0-2201B6C8C4D1}"
EndProject
Project("{FAE04EC0-301F-11D3-BF4B-00C04F79EFBC}") = "03_Loops", "03_Loops\03_Loops.csproj", "{CE72A209-BD41-43C5-878D-5E96EFC151FB}"
EndProject
Project("{FAE04EC0-301F-11D3-BF4B-00C04F79EFBC}") = "MorningChallenge-MCW1D3", "MorningChallenge-MCW1D3\MorningChallenge-MCW1D3.csproj", "{E816EDA5-7A98-47CA-8E05-B4163E52E4C0}"
EndProject
Project("{FAE04EC0-301F-11D3-BF4B-00C04F79EFBC}") = "04_Classes", "04_Classes\04_Classes.csproj", "{B3604ADC-3BF6-4CCC-817F-87F0C5481FB1}"
EndProject
Project("{FAE04EC0-301F-11D3-BF4B-00C04F79EFBC}") = "05_InheritanceClasses", "05_InheritanceClasses\05_InheritanceClasses.csproj", "{E723AE96-E26F-478E-AF16-2293EB5943A1}"
EndProject
Project("{FAE04EC0-301F-11D3-BF4B-00C04F79EFBC}") = "05_InheritanceTests", "05_InheritanceTests\05_InheritanceTests.csproj", "{7565E6F6-2415-45A5-B7EE-941E3CBBC31B}"
EndProject
Project("{FAE04EC0-301F-11D3-BF4B-00C04F79EFBC}") = "MorningChallenge_MCW1D", "MorningChallenge_MCW1D\MorningChallenge_MCW1D.csproj", "{07E9D113-45E5-4C5C-8727-95DE817720A0}"
EndProject
Project("{FAE04EC0-301F-11D3-BF4B-00C04F79EFBC}") = "06_RepositoryPattern_Repository", "06_RepositoryPattern_Repository\06_RepositoryPattern_Repository.csproj", "{E6659599-5B94-4340-AE7A-CE7C3000CC0E}"
EndProject
Project("{FAE04EC0-301F-11D3-BF4B-00C04F79EFBC}") = "06_RepositoryPattern_Tests", "06_RepositoryPattern_Tests\06_RepositoryPattern_Tests.csproj", "{8A2A600B-67B0-46E6-BFAB-F5AFC18DF1D6}"
EndProject
Project("{FAE04EC0-301F-11D3-BF4B-00C04F79EFBC}") = "UnitTest_W2D2", "UnitTest_W2D2\UnitTest_W2D2.csproj", "{EA8D8736-0818-4F33-95AE-C88301794747}"
EndProject
Project("{FAE04EC0-301F-11D3-BF4B-00C04F79EFBC}") = "07_StreamingContent_Console1", "07_StreamingContent_Console1\07_StreamingContent_Console1.csproj", "{F3954672-9E0B-42DE-A9BB-6978DF68E20B}"
EndProject
Project("{FAE04EC0-301F-11D3-BF4B-00C04F79EFBC}") = "08_StreamingContent_Inheritance", "08_StreamingContent_Inheritance\08_StreamingContent_Inheritance.csproj", "{C4CF1C3D-3EDE-4E77-9BC2-2038CD50CED0}"
EndProject
Project("{FAE04EC0-301F-11D3-BF4B-00C04F79EFBC}") = "08_StreamingContent_InheritanceTests", "08_StreamingContent_InheritanceTests\08_StreamingContent_InheritanceTests.csproj", "{62FC3231-23E6-4A25-9087-38BFB71C2256}"
EndProject
Global
	GlobalSection(SolutionConfigurationPlatforms) = preSolution
		Debug|Any CPU = Debug|Any CPU
		Release|Any CPU = Release|Any CPU
	EndGlobalSection
	GlobalSection(ProjectConfigurationPlatforms) = postSolution
		{1A23618D-F1D8-4420-A736-7E747ADE2723}.Debug|Any CPU.ActiveCfg = Debug|Any CPU
		{1A23618D-F1D8-4420-A736-7E747ADE2723}.Debug|Any CPU.Build.0 = Debug|Any CPU
		{1A23618D-F1D8-4420-A736-7E747ADE2723}.Release|Any CPU.ActiveCfg = Release|Any CPU
		{1A23618D-F1D8-4420-A736-7E747ADE2723}.Release|Any CPU.Build.0 = Release|Any CPU
		{34CACCC3-606A-4134-939A-1A73A5AF486A}.Debug|Any CPU.ActiveCfg = Debug|Any CPU
		{34CACCC3-606A-4134-939A-1A73A5AF486A}.Debug|Any CPU.Build.0 = Debug|Any CPU
		{34CACCC3-606A-4134-939A-1A73A5AF486A}.Release|Any CPU.ActiveCfg = Release|Any CPU
		{34CACCC3-606A-4134-939A-1A73A5AF486A}.Release|Any CPU.Build.0 = Release|Any CPU
		{9EE01566-5218-4A55-A6B0-2201B6C8C4D1}.Debug|Any CPU.ActiveCfg = Debug|Any CPU
		{9EE01566-5218-4A55-A6B0-2201B6C8C4D1}.Debug|Any CPU.Build.0 = Debug|Any CPU
		{9EE01566-5218-4A55-A6B0-2201B6C8C4D1}.Release|Any CPU.ActiveCfg = Release|Any CPU
		{9EE01566-5218-4A55-A6B0-2201B6C8C4D1}.Release|Any CPU.Build.0 = Release|Any CPU
		{CE72A209-BD41-43C5-878D-5E96EFC151FB}.Debug|Any CPU.ActiveCfg = Debug|Any CPU
		{CE72A209-BD41-43C5-878D-5E96EFC151FB}.Debug|Any CPU.Build.0 = Debug|Any CPU
		{CE72A209-BD41-43C5-878D-5E96EFC151FB}.Release|Any CPU.ActiveCfg = Release|Any CPU
		{CE72A209-BD41-43C5-878D-5E96EFC151FB}.Release|Any CPU.Build.0 = Release|Any CPU
		{E816EDA5-7A98-47CA-8E05-B4163E52E4C0}.Debug|Any CPU.ActiveCfg = Debug|Any CPU
		{E816EDA5-7A98-47CA-8E05-B4163E52E4C0}.Debug|Any CPU.Build.0 = Debug|Any CPU
		{E816EDA5-7A98-47CA-8E05-B4163E52E4C0}.Release|Any CPU.ActiveCfg = Release|Any CPU
		{E816EDA5-7A98-47CA-8E05-B4163E52E4C0}.Release|Any CPU.Build.0 = Release|Any CPU
		{B3604ADC-3BF6-4CCC-817F-87F0C5481FB1}.Debug|Any CPU.ActiveCfg = Debug|Any CPU
		{B3604ADC-3BF6-4CCC-817F-87F0C5481FB1}.Debug|Any CPU.Build.0 = Debug|Any CPU
		{B3604ADC-3BF6-4CCC-817F-87F0C5481FB1}.Release|Any CPU.ActiveCfg = Release|Any CPU
		{B3604ADC-3BF6-4CCC-817F-87F0C5481FB1}.Release|Any CPU.Build.0 = Release|Any CPU
		{E723AE96-E26F-478E-AF16-2293EB5943A1}.Debug|Any CPU.ActiveCfg = Debug|Any CPU
		{E723AE96-E26F-478E-AF16-2293EB5943A1}.Debug|Any CPU.Build.0 = Debug|Any CPU
		{E723AE96-E26F-478E-AF16-2293EB5943A1}.Release|Any CPU.ActiveCfg = Release|Any CPU
		{E723AE96-E26F-478E-AF16-2293EB5943A1}.Release|Any CPU.Build.0 = Release|Any CPU
		{7565E6F6-2415-45A5-B7EE-941E3CBBC31B}.Debug|Any CPU.ActiveCfg = Debug|Any CPU
		{7565E6F6-2415-45A5-B7EE-941E3CBBC31B}.Debug|Any CPU.Build.0 = Debug|Any CPU
		{7565E6F6-2415-45A5-B7EE-941E3CBBC31B}.Release|Any CPU.ActiveCfg = Release|Any CPU
		{7565E6F6-2415-45A5-B7EE-941E3CBBC31B}.Release|Any CPU.Build.0 = Release|Any CPU
		{07E9D113-45E5-4C5C-8727-95DE817720A0}.Debug|Any CPU.ActiveCfg = Debug|Any CPU
		{07E9D113-45E5-4C5C-8727-95DE817720A0}.Debug|Any CPU.Build.0 = Debug|Any CPU
		{07E9D113-45E5-4C5C-8727-95DE817720A0}.Release|Any CPU.ActiveCfg = Release|Any CPU
		{07E9D113-45E5-4C5C-8727-95DE817720A0}.Release|Any CPU.Build.0 = Release|Any CPU
		{E6659599-5B94-4340-AE7A-CE7C3000CC0E}.Debug|Any CPU.ActiveCfg = Debug|Any CPU
		{E6659599-5B94-4340-AE7A-CE7C3000CC0E}.Debug|Any CPU.Build.0 = Debug|Any CPU
		{E6659599-5B94-4340-AE7A-CE7C3000CC0E}.Release|Any CPU.ActiveCfg = Release|Any CPU
		{E6659599-5B94-4340-AE7A-CE7C3000CC0E}.Release|Any CPU.Build.0 = Release|Any CPU
		{8A2A600B-67B0-46E6-BFAB-F5AFC18DF1D6}.Debug|Any CPU.ActiveCfg = Debug|Any CPU
		{8A2A600B-67B0-46E6-BFAB-F5AFC18DF1D6}.Debug|Any CPU.Build.0 = Debug|Any CPU
		{8A2A600B-67B0-46E6-BFAB-F5AFC18DF1D6}.Release|Any CPU.ActiveCfg = Release|Any CPU
		{8A2A600B-67B0-46E6-BFAB-F5AFC18DF1D6}.Release|Any CPU.Build.0 = Release|Any CPU
		{EA8D8736-0818-4F33-95AE-C88301794747}.Debug|Any CPU.ActiveCfg = Debug|Any CPU
		{EA8D8736-0818-4F33-95AE-C88301794747}.Debug|Any CPU.Build.0 = Debug|Any CPU
		{EA8D8736-0818-4F33-95AE-C88301794747}.Release|Any CPU.ActiveCfg = Release|Any CPU
		{EA8D8736-0818-4F33-95AE-C88301794747}.Release|Any CPU.Build.0 = Release|Any CPU
		{F3954672-9E0B-42DE-A9BB-6978DF68E20B}.Debug|Any CPU.ActiveCfg = Debug|Any CPU
		{F3954672-9E0B-42DE-A9BB-6978DF68E20B}.Debug|Any CPU.Build.0 = Debug|Any CPU
		{F3954672-9E0B-42DE-A9BB-6978DF68E20B}.Release|Any CPU.ActiveCfg = Release|Any CPU
		{F3954672-9E0B-42DE-A9BB-6978DF68E20B}.Release|Any CPU.Build.0 = Release|Any CPU
		{C4CF1C3D-3EDE-4E77-9BC2-2038CD50CED0}.Debug|Any CPU.ActiveCfg = Debug|Any CPU
		{C4CF1C3D-3EDE-4E77-9BC2-2038CD50CED0}.Debug|Any CPU.Build.0 = Debug|Any CPU
		{C4CF1C3D-3EDE-4E77-9BC2-2038CD50CED0}.Release|Any CPU.ActiveCfg = Release|Any CPU
		{C4CF1C3D-3EDE-4E77-9BC2-2038CD50CED0}.Release|Any CPU.Build.0 = Release|Any CPU
		{62FC3231-23E6-4A25-9087-38BFB71C2256}.Debug|Any CPU.ActiveCfg = Debug|Any CPU
		{62FC3231-23E6-4A25-9087-38BFB71C2256}.Debug|Any CPU.Build.0 = Debug|Any CPU
		{62FC3231-23E6-4A25-9087-38BFB71C2256}.Release|Any CPU.ActiveCfg = Release|Any CPU
		{62FC3231-23E6-4A25-9087-38BFB71C2256}.Release|Any CPU.Build.0 = Release|Any CPU
	EndGlobalSection
	GlobalSection(SolutionProperties) = preSolution
		HideSolutionNode = FALSE
	EndGlobalSection
	GlobalSection(ExtensibilityGlobals) = postSolution
		SolutionGuid = {2F8A022D-6B7C-4958-A9AD-0D3F19212D94}
	EndGlobalSection
EndGlobal
